// !$*UTF8*$!
{
	archiveVersion = 1;
	classes = {
	};
	objectVersion = 50;
	objects = {

/* Begin PBXBuildFile section */
		33C23BAE23347E81000DCBE4 /* AppDelegate.swift in Sources */ = {isa = PBXBuildFile; fileRef = 33C23BAD23347E81000DCBE4 /* AppDelegate.swift */; };
		33C23BB023347E81000DCBE4 /* SceneDelegate.swift in Sources */ = {isa = PBXBuildFile; fileRef = 33C23BAF23347E81000DCBE4 /* SceneDelegate.swift */; };
		33C23BB723347E8A000DCBE4 /* Assets.xcassets in Resources */ = {isa = PBXBuildFile; fileRef = 33C23BB623347E8A000DCBE4 /* Assets.xcassets */; };
		33C23BBA23347E8A000DCBE4 /* LaunchScreen.storyboard in Resources */ = {isa = PBXBuildFile; fileRef = 33C23BB823347E8A000DCBE4 /* LaunchScreen.storyboard */; };
		33C23BC523347E8A000DCBE4 /* FlickrFindrTests.swift in Sources */ = {isa = PBXBuildFile; fileRef = 33C23BC423347E8A000DCBE4 /* FlickrFindrTests.swift */; };
		33C23D2423355EBC000DCBE4 /* Photo.swift in Sources */ = {isa = PBXBuildFile; fileRef = 33C23D2323355EBC000DCBE4 /* Photo.swift */; };
		33C23D29233566B5000DCBE4 /* ImageProvider.swift in Sources */ = {isa = PBXBuildFile; fileRef = 33C23D28233566B5000DCBE4 /* ImageProvider.swift */; };
		33C23D2C233567AF000DCBE4 /* SearchViewController.swift in Sources */ = {isa = PBXBuildFile; fileRef = 33C23D2B233567AF000DCBE4 /* SearchViewController.swift */; };
		33C23D2E2335693E000DCBE4 /* Main.storyboard in Resources */ = {isa = PBXBuildFile; fileRef = 33C23D2D2335693E000DCBE4 /* Main.storyboard */; };
		33C23D3023357B43000DCBE4 /* PhotoTableViewCell.swift in Sources */ = {isa = PBXBuildFile; fileRef = 33C23D2F23357B43000DCBE4 /* PhotoTableViewCell.swift */; };
		33C23DC3233697A4000DCBE4 /* PhotoDetailViewController.swift in Sources */ = {isa = PBXBuildFile; fileRef = 33C23DC2233697A4000DCBE4 /* PhotoDetailViewController.swift */; };
		33C23DC52338668E000DCBE4 /* Array+Extensions.swift in Sources */ = {isa = PBXBuildFile; fileRef = 33C23DC42338668E000DCBE4 /* Array+Extensions.swift */; };
		33C23F282339942D000DCBE4 /* RecentSearchViewController.swift in Sources */ = {isa = PBXBuildFile; fileRef = 33C23F272339942D000DCBE4 /* RecentSearchViewController.swift */; };
		33C23F2B2339B83E000DCBE4 /* RecentSearchManager.swift in Sources */ = {isa = PBXBuildFile; fileRef = 33C23F2A2339B83E000DCBE4 /* RecentSearchManager.swift */; };
		33C4EEBE233AD6320098B5A4 /* RecentSearchManagerService.swift in Sources */ = {isa = PBXBuildFile; fileRef = 33C4EEBD233AD6320098B5A4 /* RecentSearchManagerService.swift */; };
		33C4EEC0233AD9250098B5A4 /* RecentSearchManagerTests.swift in Sources */ = {isa = PBXBuildFile; fileRef = 33C4EEBF233AD9250098B5A4 /* RecentSearchManagerTests.swift */; };
		33D22820233C245B001AB6AB /* UserDataStore.swift in Sources */ = {isa = PBXBuildFile; fileRef = 33D2281F233C245B001AB6AB /* UserDataStore.swift */; };
		33D22822233C2628001AB6AB /* RecentSearchStore.swift in Sources */ = {isa = PBXBuildFile; fileRef = 33D22821233C2628001AB6AB /* RecentSearchStore.swift */; };
/* End PBXBuildFile section */

/* Begin PBXContainerItemProxy section */
		33C23BC123347E8A000DCBE4 /* PBXContainerItemProxy */ = {
			isa = PBXContainerItemProxy;
			containerPortal = 33C23BA223347E81000DCBE4 /* Project object */;
			proxyType = 1;
			remoteGlobalIDString = 33C23BA923347E81000DCBE4;
			remoteInfo = FlickrFindr;
		};
/* End PBXContainerItemProxy section */

/* Begin PBXFileReference section */
		33C23BAA23347E81000DCBE4 /* FlickrFindr.app */ = {isa = PBXFileReference; explicitFileType = wrapper.application; includeInIndex = 0; path = FlickrFindr.app; sourceTree = BUILT_PRODUCTS_DIR; };
		33C23BAD23347E81000DCBE4 /* AppDelegate.swift */ = {isa = PBXFileReference; lastKnownFileType = sourcecode.swift; path = AppDelegate.swift; sourceTree = "<group>"; };
		33C23BAF23347E81000DCBE4 /* SceneDelegate.swift */ = {isa = PBXFileReference; lastKnownFileType = sourcecode.swift; path = SceneDelegate.swift; sourceTree = "<group>"; };
		33C23BB623347E8A000DCBE4 /* Assets.xcassets */ = {isa = PBXFileReference; lastKnownFileType = folder.assetcatalog; path = Assets.xcassets; sourceTree = "<group>"; };
		33C23BB923347E8A000DCBE4 /* Base */ = {isa = PBXFileReference; lastKnownFileType = file.storyboard; name = Base; path = Base.lproj/LaunchScreen.storyboard; sourceTree = "<group>"; };
		33C23BBB23347E8A000DCBE4 /* Info.plist */ = {isa = PBXFileReference; lastKnownFileType = text.plist.xml; path = Info.plist; sourceTree = "<group>"; };
		33C23BC023347E8A000DCBE4 /* FlickrFindrTests.xctest */ = {isa = PBXFileReference; explicitFileType = wrapper.cfbundle; includeInIndex = 0; path = FlickrFindrTests.xctest; sourceTree = BUILT_PRODUCTS_DIR; };
		33C23BC423347E8A000DCBE4 /* FlickrFindrTests.swift */ = {isa = PBXFileReference; lastKnownFileType = sourcecode.swift; path = FlickrFindrTests.swift; sourceTree = "<group>"; };
		33C23BC623347E8A000DCBE4 /* Info.plist */ = {isa = PBXFileReference; lastKnownFileType = text.plist.xml; path = Info.plist; sourceTree = "<group>"; };
		33C23D2323355EBC000DCBE4 /* Photo.swift */ = {isa = PBXFileReference; lastKnownFileType = sourcecode.swift; path = Photo.swift; sourceTree = "<group>"; };
		33C23D28233566B5000DCBE4 /* ImageProvider.swift */ = {isa = PBXFileReference; lastKnownFileType = sourcecode.swift; path = ImageProvider.swift; sourceTree = "<group>"; };
		33C23D2B233567AF000DCBE4 /* SearchViewController.swift */ = {isa = PBXFileReference; lastKnownFileType = sourcecode.swift; path = SearchViewController.swift; sourceTree = "<group>"; };
		33C23D2D2335693E000DCBE4 /* Main.storyboard */ = {isa = PBXFileReference; lastKnownFileType = file.storyboard; path = Main.storyboard; sourceTree = "<group>"; };
		33C23D2F23357B43000DCBE4 /* PhotoTableViewCell.swift */ = {isa = PBXFileReference; lastKnownFileType = sourcecode.swift; path = PhotoTableViewCell.swift; sourceTree = "<group>"; };
		33C23DC2233697A4000DCBE4 /* PhotoDetailViewController.swift */ = {isa = PBXFileReference; lastKnownFileType = sourcecode.swift; path = PhotoDetailViewController.swift; sourceTree = "<group>"; };
		33C23DC42338668E000DCBE4 /* Array+Extensions.swift */ = {isa = PBXFileReference; lastKnownFileType = sourcecode.swift; path = "Array+Extensions.swift"; sourceTree = "<group>"; };
		33C23F272339942D000DCBE4 /* RecentSearchViewController.swift */ = {isa = PBXFileReference; lastKnownFileType = sourcecode.swift; path = RecentSearchViewController.swift; sourceTree = "<group>"; };
		33C23F2A2339B83E000DCBE4 /* RecentSearchManager.swift */ = {isa = PBXFileReference; lastKnownFileType = sourcecode.swift; path = RecentSearchManager.swift; sourceTree = "<group>"; };
		33C4EEBD233AD6320098B5A4 /* RecentSearchManagerService.swift */ = {isa = PBXFileReference; lastKnownFileType = sourcecode.swift; path = RecentSearchManagerService.swift; sourceTree = "<group>"; };
		33C4EEBF233AD9250098B5A4 /* RecentSearchManagerTests.swift */ = {isa = PBXFileReference; lastKnownFileType = sourcecode.swift; path = RecentSearchManagerTests.swift; sourceTree = "<group>"; };
		33D2281F233C245B001AB6AB /* UserDataStore.swift */ = {isa = PBXFileReference; lastKnownFileType = sourcecode.swift; path = UserDataStore.swift; sourceTree = "<group>"; };
		33D22821233C2628001AB6AB /* RecentSearchStore.swift */ = {isa = PBXFileReference; lastKnownFileType = sourcecode.swift; path = RecentSearchStore.swift; sourceTree = "<group>"; };
/* End PBXFileReference section */

/* Begin PBXFrameworksBuildPhase section */
		33C23BA723347E81000DCBE4 /* Frameworks */ = {
			isa = PBXFrameworksBuildPhase;
			buildActionMask = 2147483647;
			files = (
			);
			runOnlyForDeploymentPostprocessing = 0;
		};
		33C23BBD23347E8A000DCBE4 /* Frameworks */ = {
			isa = PBXFrameworksBuildPhase;
			buildActionMask = 2147483647;
			files = (
			);
			runOnlyForDeploymentPostprocessing = 0;
		};
/* End PBXFrameworksBuildPhase section */

/* Begin PBXGroup section */
		33C23BA123347E81000DCBE4 = {
			isa = PBXGroup;
			children = (
				33C23BAC23347E81000DCBE4 /* FlickrFindr */,
				33C23BC323347E8A000DCBE4 /* FlickrFindrTests */,
				33C23BAB23347E81000DCBE4 /* Products */,
			);
			sourceTree = "<group>";
		};
		33C23BAB23347E81000DCBE4 /* Products */ = {
			isa = PBXGroup;
			children = (
				33C23BAA23347E81000DCBE4 /* FlickrFindr.app */,
				33C23BC023347E8A000DCBE4 /* FlickrFindrTests.xctest */,
			);
			name = Products;
			sourceTree = "<group>";
		};
		33C23BAC23347E81000DCBE4 /* FlickrFindr */ = {
			isa = PBXGroup;
			children = (
				33C23D2523356617000DCBE4 /* Model */,
				33C23D272335664E000DCBE4 /* ViewControllers */,
				33C23D3123357B5C000DCBE4 /* Views */,
				33C23D2A233566BB000DCBE4 /* Providers */,
				33C23F292339B785000DCBE4 /* Helpers */,
				33C23D2623356635000DCBE4 /* Resources */,
			);
			path = FlickrFindr;
			sourceTree = "<group>";
		};
		33C23BC323347E8A000DCBE4 /* FlickrFindrTests */ = {
			isa = PBXGroup;
			children = (
				33C4EEBF233AD9250098B5A4 /* RecentSearchManagerTests.swift */,
				33C23BC423347E8A000DCBE4 /* FlickrFindrTests.swift */,
				33C23BC623347E8A000DCBE4 /* Info.plist */,
			);
			path = FlickrFindrTests;
			sourceTree = "<group>";
		};
		33C23D2523356617000DCBE4 /* Model */ = {
			isa = PBXGroup;
			children = (
				33C23D2323355EBC000DCBE4 /* Photo.swift */,
			);
			path = Model;
			sourceTree = "<group>";
		};
		33C23D2623356635000DCBE4 /* Resources */ = {
			isa = PBXGroup;
			children = (
				33C23D2D2335693E000DCBE4 /* Main.storyboard */,
				33C23BAD23347E81000DCBE4 /* AppDelegate.swift */,
				33C23BB623347E8A000DCBE4 /* Assets.xcassets */,
				33C23BB823347E8A000DCBE4 /* LaunchScreen.storyboard */,
				33C23BBB23347E8A000DCBE4 /* Info.plist */,
				33C23BAF23347E81000DCBE4 /* SceneDelegate.swift */,
			);
			path = Resources;
			sourceTree = "<group>";
		};
		33C23D272335664E000DCBE4 /* ViewControllers */ = {
			isa = PBXGroup;
			children = (
				33C23D2B233567AF000DCBE4 /* SearchViewController.swift */,
				33C23DC2233697A4000DCBE4 /* PhotoDetailViewController.swift */,
				33D2281E233C1F75001AB6AB /* RecentSearchList */,
			);
			path = ViewControllers;
			sourceTree = "<group>";
		};
		33C23D2A233566BB000DCBE4 /* Providers */ = {
			isa = PBXGroup;
			children = (
				33C23D28233566B5000DCBE4 /* ImageProvider.swift */,
			);
			path = Providers;
			sourceTree = "<group>";
		};
		33C23D3123357B5C000DCBE4 /* Views */ = {
			isa = PBXGroup;
			children = (
				33C23D2F23357B43000DCBE4 /* PhotoTableViewCell.swift */,
			);
			path = Views;
			sourceTree = "<group>";
		};
		33C23F292339B785000DCBE4 /* Helpers */ = {
			isa = PBXGroup;
			children = (
				33C23DC42338668E000DCBE4 /* Array+Extensions.swift */,
			);
			path = Helpers;
			sourceTree = "<group>";
		};
		33D2281E233C1F75001AB6AB /* RecentSearchList */ = {
			isa = PBXGroup;
			children = (
				33D2281F233C245B001AB6AB /* UserDataStore.swift */,
				33D22821233C2628001AB6AB /* RecentSearchStore.swift */,
				33C4EEBD233AD6320098B5A4 /* RecentSearchManagerService.swift */,
				33C23F2A2339B83E000DCBE4 /* RecentSearchManager.swift */,
				33C23F272339942D000DCBE4 /* RecentSearchViewController.swift */,
			);
			path = RecentSearchList;
			sourceTree = "<group>";
		};
/* End PBXGroup section */

/* Begin PBXNativeTarget section */
		33C23BA923347E81000DCBE4 /* FlickrFindr */ = {
			isa = PBXNativeTarget;
			buildConfigurationList = 33C23BC923347E8A000DCBE4 /* Build configuration list for PBXNativeTarget "FlickrFindr" */;
			buildPhases = (
				33C23BA623347E81000DCBE4 /* Sources */,
				33C23BA723347E81000DCBE4 /* Frameworks */,
				33C23BA823347E81000DCBE4 /* Resources */,
			);
			buildRules = (
			);
			dependencies = (
			);
			name = FlickrFindr;
			productName = FlickrFindr;
			productReference = 33C23BAA23347E81000DCBE4 /* FlickrFindr.app */;
			productType = "com.apple.product-type.application";
		};
		33C23BBF23347E8A000DCBE4 /* FlickrFindrTests */ = {
			isa = PBXNativeTarget;
			buildConfigurationList = 33C23BCC23347E8A000DCBE4 /* Build configuration list for PBXNativeTarget "FlickrFindrTests" */;
			buildPhases = (
				33C23BBC23347E8A000DCBE4 /* Sources */,
				33C23BBD23347E8A000DCBE4 /* Frameworks */,
				33C23BBE23347E8A000DCBE4 /* Resources */,
			);
			buildRules = (
			);
			dependencies = (
				33C23BC223347E8A000DCBE4 /* PBXTargetDependency */,
			);
			name = FlickrFindrTests;
			productName = FlickrFindrTests;
			productReference = 33C23BC023347E8A000DCBE4 /* FlickrFindrTests.xctest */;
			productType = "com.apple.product-type.bundle.unit-test";
		};
/* End PBXNativeTarget section */

/* Begin PBXProject section */
		33C23BA223347E81000DCBE4 /* Project object */ = {
			isa = PBXProject;
			attributes = {
				LastSwiftUpdateCheck = 1100;
				LastUpgradeCheck = 1100;
				ORGANIZATIONNAME = "Aaron Martinez";
				TargetAttributes = {
					33C23BA923347E81000DCBE4 = {
						CreatedOnToolsVersion = 11.0;
					};
					33C23BBF23347E8A000DCBE4 = {
						CreatedOnToolsVersion = 11.0;
						TestTargetID = 33C23BA923347E81000DCBE4;
					};
				};
			};
			buildConfigurationList = 33C23BA523347E81000DCBE4 /* Build configuration list for PBXProject "FlickrFindr" */;
			compatibilityVersion = "Xcode 9.3";
			developmentRegion = en;
			hasScannedForEncodings = 0;
			knownRegions = (
				en,
				Base,
			);
			mainGroup = 33C23BA123347E81000DCBE4;
			productRefGroup = 33C23BAB23347E81000DCBE4 /* Products */;
			projectDirPath = "";
			projectRoot = "";
			targets = (
				33C23BA923347E81000DCBE4 /* FlickrFindr */,
				33C23BBF23347E8A000DCBE4 /* FlickrFindrTests */,
			);
		};
/* End PBXProject section */

/* Begin PBXResourcesBuildPhase section */
		33C23BA823347E81000DCBE4 /* Resources */ = {
			isa = PBXResourcesBuildPhase;
			buildActionMask = 2147483647;
			files = (
				33C23D2E2335693E000DCBE4 /* Main.storyboard in Resources */,
				33C23BBA23347E8A000DCBE4 /* LaunchScreen.storyboard in Resources */,
				33C23BB723347E8A000DCBE4 /* Assets.xcassets in Resources */,
			);
			runOnlyForDeploymentPostprocessing = 0;
		};
		33C23BBE23347E8A000DCBE4 /* Resources */ = {
			isa = PBXResourcesBuildPhase;
			buildActionMask = 2147483647;
			files = (
			);
			runOnlyForDeploymentPostprocessing = 0;
		};
/* End PBXResourcesBuildPhase section */

/* Begin PBXSourcesBuildPhase section */
		33C23BA623347E81000DCBE4 /* Sources */ = {
			isa = PBXSourcesBuildPhase;
			buildActionMask = 2147483647;
			files = (
				33D22822233C2628001AB6AB /* RecentSearchStore.swift in Sources */,
				33D22820233C245B001AB6AB /* UserDataStore.swift in Sources */,
				33C23D29233566B5000DCBE4 /* ImageProvider.swift in Sources */,
				33C4EEBE233AD6320098B5A4 /* RecentSearchManagerService.swift in Sources */,
				33C23D2C233567AF000DCBE4 /* SearchViewController.swift in Sources */,
				33C23F2B2339B83E000DCBE4 /* RecentSearchManager.swift in Sources */,
				33C23D3023357B43000DCBE4 /* PhotoTableViewCell.swift in Sources */,
				33C23DC52338668E000DCBE4 /* Array+Extensions.swift in Sources */,
				33C23DC3233697A4000DCBE4 /* PhotoDetailViewController.swift in Sources */,
				33C23F282339942D000DCBE4 /* RecentSearchViewController.swift in Sources */,
				33C23D2423355EBC000DCBE4 /* Photo.swift in Sources */,
				33C23BAE23347E81000DCBE4 /* AppDelegate.swift in Sources */,
				33C23BB023347E81000DCBE4 /* SceneDelegate.swift in Sources */,
			);
			runOnlyForDeploymentPostprocessing = 0;
		};
		33C23BBC23347E8A000DCBE4 /* Sources */ = {
			isa = PBXSourcesBuildPhase;
			buildActionMask = 2147483647;
			files = (
				33C4EEC0233AD9250098B5A4 /* RecentSearchManagerTests.swift in Sources */,
				33C23BC523347E8A000DCBE4 /* FlickrFindrTests.swift in Sources */,
			);
			runOnlyForDeploymentPostprocessing = 0;
		};
/* End PBXSourcesBuildPhase section */

/* Begin PBXTargetDependency section */
		33C23BC223347E8A000DCBE4 /* PBXTargetDependency */ = {
			isa = PBXTargetDependency;
			target = 33C23BA923347E81000DCBE4 /* FlickrFindr */;
			targetProxy = 33C23BC123347E8A000DCBE4 /* PBXContainerItemProxy */;
		};
/* End PBXTargetDependency section */

/* Begin PBXVariantGroup section */
		33C23BB823347E8A000DCBE4 /* LaunchScreen.storyboard */ = {
			isa = PBXVariantGroup;
			children = (
				33C23BB923347E8A000DCBE4 /* Base */,
			);
			name = LaunchScreen.storyboard;
			sourceTree = "<group>";
		};
/* End PBXVariantGroup section */

/* Begin XCBuildConfiguration section */
		33C23BC723347E8A000DCBE4 /* Debug */ = {
			isa = XCBuildConfiguration;
			buildSettings = {
				ALWAYS_SEARCH_USER_PATHS = NO;
				CLANG_ANALYZER_NONNULL = YES;
				CLANG_ANALYZER_NUMBER_OBJECT_CONVERSION = YES_AGGRESSIVE;
				CLANG_CXX_LANGUAGE_STANDARD = "gnu++14";
				CLANG_CXX_LIBRARY = "libc++";
				CLANG_ENABLE_MODULES = YES;
				CLANG_ENABLE_OBJC_ARC = YES;
				CLANG_ENABLE_OBJC_WEAK = YES;
				CLANG_WARN_BLOCK_CAPTURE_AUTORELEASING = YES;
				CLANG_WARN_BOOL_CONVERSION = YES;
				CLANG_WARN_COMMA = YES;
				CLANG_WARN_CONSTANT_CONVERSION = YES;
				CLANG_WARN_DEPRECATED_OBJC_IMPLEMENTATIONS = YES;
				CLANG_WARN_DIRECT_OBJC_ISA_USAGE = YES_ERROR;
				CLANG_WARN_DOCUMENTATION_COMMENTS = YES;
				CLANG_WARN_EMPTY_BODY = YES;
				CLANG_WARN_ENUM_CONVERSION = YES;
				CLANG_WARN_INFINITE_RECURSION = YES;
				CLANG_WARN_INT_CONVERSION = YES;
				CLANG_WARN_NON_LITERAL_NULL_CONVERSION = YES;
				CLANG_WARN_OBJC_IMPLICIT_RETAIN_SELF = YES;
				CLANG_WARN_OBJC_LITERAL_CONVERSION = YES;
				CLANG_WARN_OBJC_ROOT_CLASS = YES_ERROR;
				CLANG_WARN_RANGE_LOOP_ANALYSIS = YES;
				CLANG_WARN_STRICT_PROTOTYPES = YES;
				CLANG_WARN_SUSPICIOUS_MOVE = YES;
				CLANG_WARN_UNGUARDED_AVAILABILITY = YES_AGGRESSIVE;
				CLANG_WARN_UNREACHABLE_CODE = YES;
				CLANG_WARN__DUPLICATE_METHOD_MATCH = YES;
				COPY_PHASE_STRIP = NO;
				DEBUG_INFORMATION_FORMAT = dwarf;
				ENABLE_STRICT_OBJC_MSGSEND = YES;
				ENABLE_TESTABILITY = YES;
				GCC_C_LANGUAGE_STANDARD = gnu11;
				GCC_DYNAMIC_NO_PIC = NO;
				GCC_NO_COMMON_BLOCKS = YES;
				GCC_OPTIMIZATION_LEVEL = 0;
				GCC_PREPROCESSOR_DEFINITIONS = (
					"DEBUG=1",
					"$(inherited)",
				);
				GCC_WARN_64_TO_32_BIT_CONVERSION = YES;
				GCC_WARN_ABOUT_RETURN_TYPE = YES_ERROR;
				GCC_WARN_UNDECLARED_SELECTOR = YES;
				GCC_WARN_UNINITIALIZED_AUTOS = YES_AGGRESSIVE;
				GCC_WARN_UNUSED_FUNCTION = YES;
				GCC_WARN_UNUSED_VARIABLE = YES;
				IPHONEOS_DEPLOYMENT_TARGET = 13.0;
				MTL_ENABLE_DEBUG_INFO = INCLUDE_SOURCE;
				MTL_FAST_MATH = YES;
				ONLY_ACTIVE_ARCH = YES;
				SDKROOT = iphoneos;
				SWIFT_ACTIVE_COMPILATION_CONDITIONS = DEBUG;
				SWIFT_OPTIMIZATION_LEVEL = "-Onone";
			};
			name = Debug;
		};
		33C23BC823347E8A000DCBE4 /* Release */ = {
			isa = XCBuildConfiguration;
			buildSettings = {
				ALWAYS_SEARCH_USER_PATHS = NO;
				CLANG_ANALYZER_NONNULL = YES;
				CLANG_ANALYZER_NUMBER_OBJECT_CONVERSION = YES_AGGRESSIVE;
				CLANG_CXX_LANGUAGE_STANDARD = "gnu++14";
				CLANG_CXX_LIBRARY = "libc++";
				CLANG_ENABLE_MODULES = YES;
				CLANG_ENABLE_OBJC_ARC = YES;
				CLANG_ENABLE_OBJC_WEAK = YES;
				CLANG_WARN_BLOCK_CAPTURE_AUTORELEASING = YES;
				CLANG_WARN_BOOL_CONVERSION = YES;
				CLANG_WARN_COMMA = YES;
				CLANG_WARN_CONSTANT_CONVERSION = YES;
				CLANG_WARN_DEPRECATED_OBJC_IMPLEMENTATIONS = YES;
				CLANG_WARN_DIRECT_OBJC_ISA_USAGE = YES_ERROR;
				CLANG_WARN_DOCUMENTATION_COMMENTS = YES;
				CLANG_WARN_EMPTY_BODY = YES;
				CLANG_WARN_ENUM_CONVERSION = YES;
				CLANG_WARN_INFINITE_RECURSION = YES;
				CLANG_WARN_INT_CONVERSION = YES;
				CLANG_WARN_NON_LITERAL_NULL_CONVERSION = YES;
				CLANG_WARN_OBJC_IMPLICIT_RETAIN_SELF = YES;
				CLANG_WARN_OBJC_LITERAL_CONVERSION = YES;
				CLANG_WARN_OBJC_ROOT_CLASS = YES_ERROR;
				CLANG_WARN_RANGE_LOOP_ANALYSIS = YES;
				CLANG_WARN_STRICT_PROTOTYPES = YES;
				CLANG_WARN_SUSPICIOUS_MOVE = YES;
				CLANG_WARN_UNGUARDED_AVAILABILITY = YES_AGGRESSIVE;
				CLANG_WARN_UNREACHABLE_CODE = YES;
				CLANG_WARN__DUPLICATE_METHOD_MATCH = YES;
				COPY_PHASE_STRIP = NO;
				DEBUG_INFORMATION_FORMAT = "dwarf-with-dsym";
				ENABLE_NS_ASSERTIONS = NO;
				ENABLE_STRICT_OBJC_MSGSEND = YES;
				GCC_C_LANGUAGE_STANDARD = gnu11;
				GCC_NO_COMMON_BLOCKS = YES;
				GCC_WARN_64_TO_32_BIT_CONVERSION = YES;
				GCC_WARN_ABOUT_RETURN_TYPE = YES_ERROR;
				GCC_WARN_UNDECLARED_SELECTOR = YES;
				GCC_WARN_UNINITIALIZED_AUTOS = YES_AGGRESSIVE;
				GCC_WARN_UNUSED_FUNCTION = YES;
				GCC_WARN_UNUSED_VARIABLE = YES;
				IPHONEOS_DEPLOYMENT_TARGET = 13.0;
				MTL_ENABLE_DEBUG_INFO = NO;
				MTL_FAST_MATH = YES;
				SDKROOT = iphoneos;
				SWIFT_COMPILATION_MODE = wholemodule;
				SWIFT_OPTIMIZATION_LEVEL = "-O";
				VALIDATE_PRODUCT = YES;
			};
			name = Release;
		};
		33C23BCA23347E8A000DCBE4 /* Debug */ = {
			isa = XCBuildConfiguration;
			buildSettings = {
				ASSETCATALOG_COMPILER_APPICON_NAME = AppIcon;
				CODE_SIGN_STYLE = Automatic;
				DEVELOPMENT_TEAM = D9JMB4MDLY;
				INFOPLIST_FILE = FlickrFindr/Resources/Info.plist;
				LD_RUNPATH_SEARCH_PATHS = (
					"$(inherited)",
					"@executable_path/Frameworks",
				);
				PRODUCT_BUNDLE_IDENTIFIER = com.aaronmartinez.FlickrFindr;
				PRODUCT_NAME = "$(TARGET_NAME)";
				SWIFT_VERSION = 5.0;
				TARGETED_DEVICE_FAMILY = 1;
			};
			name = Debug;
		};
		33C23BCB23347E8A000DCBE4 /* Release */ = {
			isa = XCBuildConfiguration;
			buildSettings = {
				ASSETCATALOG_COMPILER_APPICON_NAME = AppIcon;
				CODE_SIGN_STYLE = Automatic;
				DEVELOPMENT_TEAM = D9JMB4MDLY;
				INFOPLIST_FILE = FlickrFindr/Resources/Info.plist;
				LD_RUNPATH_SEARCH_PATHS = (
					"$(inherited)",
					"@executable_path/Frameworks",
				);
				PRODUCT_BUNDLE_IDENTIFIER = com.aaronmartinez.FlickrFindr;
				PRODUCT_NAME = "$(TARGET_NAME)";
				SWIFT_VERSION = 5.0;
				TARGETED_DEVICE_FAMILY = 1;
			};
			name = Release;
		};
		33C23BCD23347E8A000DCBE4 /* Debug */ = {
			isa = XCBuildConfiguration;
			buildSettings = {
				ALWAYS_EMBED_SWIFT_STANDARD_LIBRARIES = YES;
				BUNDLE_LOADER = "$(TEST_HOST)";
				CODE_SIGN_STYLE = Automatic;
				DEVELOPMENT_TEAM = D9JMB4MDLY;
				INFOPLIST_FILE = FlickrFindrTests/Info.plist;
				IPHONEOS_DEPLOYMENT_TARGET = 13.0;
				LD_RUNPATH_SEARCH_PATHS = (
					"$(inherited)",
					"@executable_path/Frameworks",
					"@loader_path/Frameworks",
				);
				PRODUCT_BUNDLE_IDENTIFIER = com.aaronmartinez.FlickrFindrTests;
				PRODUCT_NAME = "$(TARGET_NAME)";
				SWIFT_VERSION = 5.0;
				TARGETED_DEVICE_FAMILY = "1,2";
				TEST_HOST = "$(BUILT_PRODUCTS_DIR)/FlickrFindr.app/FlickrFindr";
			};
			name = Debug;
		};
		33C23BCE23347E8A000DCBE4 /* Release */ = {
			isa = XCBuildConfiguration;
			buildSettings = {
				ALWAYS_EMBED_SWIFT_STANDARD_LIBRARIES = YES;
				BUNDLE_LOADER = "$(TEST_HOST)";
				CODE_SIGN_STYLE = Automatic;
				DEVELOPMENT_TEAM = D9JMB4MDLY;
				INFOPLIST_FILE = FlickrFindrTests/Info.plist;
				IPHONEOS_DEPLOYMENT_TARGET = 13.0;
				LD_RUNPATH_SEARCH_PATHS = (
					"$(inherited)",
					"@executable_path/Frameworks",
					"@loader_path/Frameworks",
				);
				PRODUCT_BUNDLE_IDENTIFIER = com.aaronmartinez.FlickrFindrTests;
				PRODUCT_NAME = "$(TARGET_NAME)";
				SWIFT_VERSION = 5.0;
				TARGETED_DEVICE_FAMILY = "1,2";
				TEST_HOST = "$(BUILT_PRODUCTS_DIR)/FlickrFindr.app/FlickrFindr";
			};
			name = Release;
		};
/* End XCBuildConfiguration section */

/* Begin XCConfigurationList section */
		33C23BA523347E81000DCBE4 /* Build configuration list for PBXProject "FlickrFindr" */ = {
			isa = XCConfigurationList;
			buildConfigurations = (
				33C23BC723347E8A000DCBE4 /* Debug */,
				33C23BC823347E8A000DCBE4 /* Release */,
			);
			defaultConfigurationIsVisible = 0;
			defaultConfigurationName = Release;
		};
		33C23BC923347E8A000DCBE4 /* Build configuration list for PBXNativeTarget "FlickrFindr" */ = {
			isa = XCConfigurationList;
			buildConfigurations = (
				33C23BCA23347E8A000DCBE4 /* Debug */,
				33C23BCB23347E8A000DCBE4 /* Release */,
			);
			defaultConfigurationIsVisible = 0;
			defaultConfigurationName = Release;
		};
		33C23BCC23347E8A000DCBE4 /* Build configuration list for PBXNativeTarget "FlickrFindrTests" */ = {
			isa = XCConfigurationList;
			buildConfigurations = (
				33C23BCD23347E8A000DCBE4 /* Debug */,
				33C23BCE23347E8A000DCBE4 /* Release */,
			);
			defaultConfigurationIsVisible = 0;
			defaultConfigurationName = Release;
		};
/* End XCConfigurationList section */
	};
	rootObject = 33C23BA223347E81000DCBE4 /* Project object */;
}
